
Microsoft Visual Studio Solution File, Format Version 12.00
# Visual Studio Version 17
VisualStudioVersion = 17.14.37216.2
MinimumVisualStudioVersion = 10.0.40219.1
Project("{FAE04EC0-301F-11D3-BF4B-00C04F79EFBC}") = "01-IntroColecoes", "01-IntroColecoes\01-IntroColecoes.csproj", "{2D55E81F-ACD6-467C-8182-EBD8AA694CA1}"
EndProject
Project("{FAE04EC0-301F-11D3-BF4B-00C04F79EFBC}") = "02-OperacoesEmColecoes", "02-OperacoesEmColecoes\02-OperacoesEmColecoes.csproj", "{FFF77B92-603A-488B-8C11-0289DF22CC04}"
EndProject
Project("{FAE04EC0-301F-11D3-BF4B-00C04F79EFBC}") = "03-AbstraindoAFonteDeDados", "03-AbstraindoAFonteDeDados\03-AbstraindoAFonteDeDados.csproj", "{A9605C70-D923-4521-8B33-B195961D636E}"
EndProject
Project("{FAE04EC0-301F-11D3-BF4B-00C04F79EFBC}") = "04-LINQ", "04-LINQ\04-LINQ.csproj", "{D6195BFA-1C11-4E98-8204-F56466A32DD1}"
EndProject
Global
	GlobalSection(SolutionConfigurationPlatforms) = preSolution
		Debug|Any CPU = Debug|Any CPU
		Release|Any CPU = Release|Any CPU
	EndGlobalSection
	GlobalSection(ProjectConfigurationPlatforms) = postSolution
		{2D55E81F-ACD6-467C-8182-EBD8AA694CA1}.Debug|Any CPU.ActiveCfg = Debug|Any CPU
		{2D55E81F-ACD6-467C-8182-EBD8AA694CA1}.Debug|Any CPU.Build.0 = Debug|Any CPU
		{2D55E81F-ACD6-467C-8182-EBD8AA694CA1}.Release|Any CPU.ActiveCfg = Release|Any CPU
		{2D55E81F-ACD6-467C-8182-EBD8AA694CA1}.Release|Any CPU.Build.0 = Release|Any CPU
		{FFF77B92-603A-488B-8C11-0289DF22CC04}.Debug|Any CPU.ActiveCfg = Debug|Any CPU
		{FFF77B92-603A-488B-8C11-0289DF22CC04}.Debug|Any CPU.Build.0 = Debug|Any CPU
		{FFF77B92-603A-488B-8C11-0289DF22CC04}.Release|Any CPU.ActiveCfg = Release|Any CPU
		{FFF77B92-603A-488B-8C11-0289DF22CC04}.Release|Any CPU.Build.0 = Release|Any CPU
		{A9605C70-D923-4521-8B33-B195961D636E}.Debug|Any CPU.ActiveCfg = Debug|Any CPU
		{A9605C70-D923-4521-8B33-B195961D636E}.Debug|Any CPU.Build.0 = Debug|Any CPU
		{A9605C70-D923-4521-8B33-B195961D636E}.Release|Any CPU.ActiveCfg = Release|Any CPU
		{A9605C70-D923-4521-8B33-B195961D636E}.Release|Any CPU.Build.0 = Release|Any CPU
		{D6195BFA-1C11-4E98-8204-F56466A32DD1}.Debug|Any CPU.ActiveCfg = Debug|Any CPU
		{D6195BFA-1C11-4E98-8204-F56466A32DD1}.Debug|Any CPU.Build.0 = Debug|Any CPU
		{D6195BFA-1C11-4E98-8204-F56466A32DD1}.Release|Any CPU.ActiveCfg = Release|Any CPU
		{D6195BFA-1C11-4E98-8204-F56466A32DD1}.Release|Any CPU.Build.0 = Release|Any CPU
	EndGlobalSection
	GlobalSection(SolutionProperties) = preSolution
		HideSolutionNode = FALSE
	EndGlobalSection
	GlobalSection(ExtensibilityGlobals) = postSolution
		SolutionGuid = {E19E38E8-EA40-4590-BB2B-05AA804AA88F}
	EndGlobalSection
EndGlobal
