
Microsoft Visual Studio Solution File, Format Version 12.00
# Visual Studio Version 17
VisualStudioVersion = 17.14.36908.2
MinimumVisualStudioVersion = 10.0.40219.1
Project("{FAE04EC0-301F-11D3-BF4B-00C04F79EFBC}") = "Biblioteca", "Orientação a objetos com classes\Biblioteca.csproj", "{46F052AD-4E8C-361F-31B9-F6C2D6F47671}"
EndProject
Project("{FAE04EC0-301F-11D3-BF4B-00C04F79EFBC}") = "ContaBancaria", "ContaBancaria\ContaBancaria.csproj", "{6D459466-79FB-4C42-A21E-5C080E029A93}"
EndProject
Project("{FAE04EC0-301F-11D3-BF4B-00C04F79EFBC}") = "Funcionarios", "Funcionarios\Funcionarios.csproj", "{3D95EA4D-7BF9-4B5D-82B6-23AFCDAFE45B}"
EndProject
Global
	GlobalSection(SolutionConfigurationPlatforms) = preSolution
		Debug|Any CPU = Debug|Any CPU
		Release|Any CPU = Release|Any CPU
	EndGlobalSection
	GlobalSection(ProjectConfigurationPlatforms) = postSolution
		{46F052AD-4E8C-361F-31B9-F6C2D6F47671}.Debug|Any CPU.ActiveCfg = Debug|Any CPU
		{46F052AD-4E8C-361F-31B9-F6C2D6F47671}.Debug|Any CPU.Build.0 = Debug|Any CPU
		{46F052AD-4E8C-361F-31B9-F6C2D6F47671}.Release|Any CPU.ActiveCfg = Release|Any CPU
		{46F052AD-4E8C-361F-31B9-F6C2D6F47671}.Release|Any CPU.Build.0 = Release|Any CPU
		{6D459466-79FB-4C42-A21E-5C080E029A93}.Debug|Any CPU.ActiveCfg = Debug|Any CPU
		{6D459466-79FB-4C42-A21E-5C080E029A93}.Debug|Any CPU.Build.0 = Debug|Any CPU
		{6D459466-79FB-4C42-A21E-5C080E029A93}.Release|Any CPU.ActiveCfg = Release|Any CPU
		{6D459466-79FB-4C42-A21E-5C080E029A93}.Release|Any CPU.Build.0 = Release|Any CPU
		{3D95EA4D-7BF9-4B5D-82B6-23AFCDAFE45B}.Debug|Any CPU.ActiveCfg = Debug|Any CPU
		{3D95EA4D-7BF9-4B5D-82B6-23AFCDAFE45B}.Debug|Any CPU.Build.0 = Debug|Any CPU
		{3D95EA4D-7BF9-4B5D-82B6-23AFCDAFE45B}.Release|Any CPU.ActiveCfg = Release|Any CPU
		{3D95EA4D-7BF9-4B5D-82B6-23AFCDAFE45B}.Release|Any CPU.Build.0 = Release|Any CPU
	EndGlobalSection
	GlobalSection(SolutionProperties) = preSolution
		HideSolutionNode = FALSE
	EndGlobalSection
	GlobalSection(ExtensibilityGlobals) = postSolution
		SolutionGuid = {3FDBEECF-F27D-468F-881F-C24D9EAFD533}
	EndGlobalSection
EndGlobal
