
Microsoft Visual Studio Solution File, Format Version 12.00
# Visual Studio Version 17
VisualStudioVersion = 17.14.36908.2
MinimumVisualStudioVersion = 10.0.40219.1
Project("{FAE04EC0-301F-11D3-BF4B-00C04F79EFBC}") = "Variaveis_e_tipos", "Praticando C# 1\Variaveis_e_tipos.csproj", "{46B520A9-A312-4999-90CE-B1322B52D25A}"
EndProject
Project("{FAE04EC0-301F-11D3-BF4B-00C04F79EFBC}") = "if_else_e_switch_case", "if_else_e_switch_case\if_else_e_switch_case.csproj", "{AE181713-02D4-4E92-BDD0-1B5208EAE7BF}"
EndProject
Global
	GlobalSection(SolutionConfigurationPlatforms) = preSolution
		Debug|Any CPU = Debug|Any CPU
		Release|Any CPU = Release|Any CPU
	EndGlobalSection
	GlobalSection(ProjectConfigurationPlatforms) = postSolution
		{46B520A9-A312-4999-90CE-B1322B52D25A}.Debug|Any CPU.ActiveCfg = Debug|Any CPU
		{46B520A9-A312-4999-90CE-B1322B52D25A}.Debug|Any CPU.Build.0 = Debug|Any CPU
		{46B520A9-A312-4999-90CE-B1322B52D25A}.Release|Any CPU.ActiveCfg = Release|Any CPU
		{46B520A9-A312-4999-90CE-B1322B52D25A}.Release|Any CPU.Build.0 = Release|Any CPU
		{AE181713-02D4-4E92-BDD0-1B5208EAE7BF}.Debug|Any CPU.ActiveCfg = Debug|Any CPU
		{AE181713-02D4-4E92-BDD0-1B5208EAE7BF}.Debug|Any CPU.Build.0 = Debug|Any CPU
		{AE181713-02D4-4E92-BDD0-1B5208EAE7BF}.Release|Any CPU.ActiveCfg = Release|Any CPU
		{AE181713-02D4-4E92-BDD0-1B5208EAE7BF}.Release|Any CPU.Build.0 = Release|Any CPU
	EndGlobalSection
	GlobalSection(SolutionProperties) = preSolution
		HideSolutionNode = FALSE
	EndGlobalSection
	GlobalSection(ExtensibilityGlobals) = postSolution
		SolutionGuid = {D36DCF0D-F9F8-4C79-B803-4E67D2A13B61}
	EndGlobalSection
EndGlobal
